
Microsoft Visual Studio Solution File, Format Version 12.00
# Visual Studio Version 17
VisualStudioVersion = 17.5.33530.505
MinimumVisualStudioVersion = 10.0.40219.1
Project("{8BC9CEB8-8B4A-11D0-8D11-00A0C91BC942}") = "Project4", "Project4\Project4.vcxproj", "{EDD9DAC4-0C95-4C5F-AF3A-429706CA6F01}"
EndProject
Global
	GlobalSection(SolutionConfigurationPlatforms) = preSolution
		Debug|x64 = Debug|x64
		Debug|x86 = Debug|x86
		Release|x64 = Release|x64
		Release|x86 = Release|x86
	EndGlobalSection
	GlobalSection(ProjectConfigurationPlatforms) = postSolution
		{EDD9DAC4-0C95-4C5F-AF3A-429706CA6F01}.Debug|x64.ActiveCfg = Debug|x64
		{EDD9DAC4-0C95-4C5F-AF3A-429706CA6F01}.Debug|x64.Build.0 = Debug|x64
		{EDD9DAC4-0C95-4C5F-AF3A-429706CA6F01}.Debug|x86.ActiveCfg = Debug|Win32
		{EDD9DAC4-0C95-4C5F-AF3A-429706CA6F01}.Debug|x86.Build.0 = Debug|Win32
		{EDD9DAC4-0C95-4C5F-AF3A-429706CA6F01}.Release|x64.ActiveCfg = Release|x64
		{EDD9DAC4-0C95-4C5F-AF3A-429706CA6F01}.Release|x64.Build.0 = Release|x64
		{EDD9DAC4-0C95-4C5F-AF3A-429706CA6F01}.Release|x86.ActiveCfg = Release|Win32
		{EDD9DAC4-0C95-4C5F-AF3A-429706CA6F01}.Release|x86.Build.0 = Release|Win32
	EndGlobalSection
	GlobalSection(SolutionProperties) = preSolution
		HideSolutionNode = FALSE
	EndGlobalSection
	GlobalSection(ExtensibilityGlobals) = postSolution
		SolutionGuid = {F3D5DA36-AB0C-4A72-B717-FB627A53A5AC}
	EndGlobalSection
EndGlobal
