
Microsoft Visual Studio Solution File, Format Version 12.00
# Visual Studio Version 17
VisualStudioVersion = 17.6.33815.320
MinimumVisualStudioVersion = 10.0.40219.1
Project("{8BC9CEB8-8B4A-11D0-8D11-00A0C91BC942}") = "2023-6-21(2)", "2023-6-21(2)\2023-6-21(2).vcxproj", "{15A5CFCF-7317-4928-95A0-00A980F9E10A}"
EndProject
Global
	GlobalSection(SolutionConfigurationPlatforms) = preSolution
		Debug|x64 = Debug|x64
		Debug|x86 = Debug|x86
		Release|x64 = Release|x64
		Release|x86 = Release|x86
	EndGlobalSection
	GlobalSection(ProjectConfigurationPlatforms) = postSolution
		{15A5CFCF-7317-4928-95A0-00A980F9E10A}.Debug|x64.ActiveCfg = Debug|x64
		{15A5CFCF-7317-4928-95A0-00A980F9E10A}.Debug|x64.Build.0 = Debug|x64
		{15A5CFCF-7317-4928-95A0-00A980F9E10A}.Debug|x86.ActiveCfg = Debug|Win32
		{15A5CFCF-7317-4928-95A0-00A980F9E10A}.Debug|x86.Build.0 = Debug|Win32
		{15A5CFCF-7317-4928-95A0-00A980F9E10A}.Release|x64.ActiveCfg = Release|x64
		{15A5CFCF-7317-4928-95A0-00A980F9E10A}.Release|x64.Build.0 = Release|x64
		{15A5CFCF-7317-4928-95A0-00A980F9E10A}.Release|x86.ActiveCfg = Release|Win32
		{15A5CFCF-7317-4928-95A0-00A980F9E10A}.Release|x86.Build.0 = Release|Win32
	EndGlobalSection
	GlobalSection(SolutionProperties) = preSolution
		HideSolutionNode = FALSE
	EndGlobalSection
	GlobalSection(ExtensibilityGlobals) = postSolution
		SolutionGuid = {933630CF-FA9C-4811-AB87-71CC8322868E}
	EndGlobalSection
EndGlobal
